PODS:
  - TYFoundationKit (0.1.0)

DEPENDENCIES:
  - TYFoundationKit (from `../0.1.0`)

EXTERNAL SOURCES:
  TYFoundationKit:
    :path: "../0.1.0"

SPEC CHECKSUMS:
  TYFoundationKit: 0ed0708e4e1d1c3687a1a4f66143c003ceec607b

PODFILE CHECKSUM: db4f6903d264a5a0f4ca8836214da530f79785d4

COCOAPODS: 1.10.1
